
Microsoft Visual Studio Solution File, Format Version 12.00
# Visual Studio 15
VisualStudioVersion = 15.0.27130.2036
MinimumVisualStudioVersion = 10.0.40219.1
Project("{FAE04EC0-301F-11D3-BF4B-00C04F79EFBC}") = "NavWeb", "NavWeb\NavWeb.csproj", "{2E33B2D8-DEB9-4ACD-AB7F-68CE175DDE44}"
EndProject
Global
	GlobalSection(SolutionConfigurationPlatforms) = preSolution
		Debug|ARM = Debug|ARM
		Debug|x64 = Debug|x64
		Debug|x86 = Debug|x86
		Release|ARM = Release|ARM
		Release|x64 = Release|x64
		Release|x86 = Release|x86
	EndGlobalSection
	GlobalSection(ProjectConfigurationPlatforms) = postSolution
		{2E33B2D8-DEB9-4ACD-AB7F-68CE175DDE44}.Debug|ARM.ActiveCfg = Debug|ARM
		{2E33B2D8-DEB9-4ACD-AB7F-68CE175DDE44}.Debug|ARM.Build.0 = Debug|ARM
		{2E33B2D8-DEB9-4ACD-AB7F-68CE175DDE44}.Debug|ARM.Deploy.0 = Debug|ARM
		{2E33B2D8-DEB9-4ACD-AB7F-68CE175DDE44}.Debug|x64.ActiveCfg = Debug|x64
		{2E33B2D8-DEB9-4ACD-AB7F-68CE175DDE44}.Debug|x64.Build.0 = Debug|x64
		{2E33B2D8-DEB9-4ACD-AB7F-68CE175DDE44}.Debug|x64.Deploy.0 = Debug|x64
		{2E33B2D8-DEB9-4ACD-AB7F-68CE175DDE44}.Debug|x86.ActiveCfg = Debug|x86
		{2E33B2D8-DEB9-4ACD-AB7F-68CE175DDE44}.Debug|x86.Build.0 = Debug|x86
		{2E33B2D8-DEB9-4ACD-AB7F-68CE175DDE44}.Debug|x86.Deploy.0 = Debug|x86
		{2E33B2D8-DEB9-4ACD-AB7F-68CE175DDE44}.Release|ARM.ActiveCfg = Release|ARM
		{2E33B2D8-DEB9-4ACD-AB7F-68CE175DDE44}.Release|ARM.Build.0 = Release|ARM
		{2E33B2D8-DEB9-4ACD-AB7F-68CE175DDE44}.Release|ARM.Deploy.0 = Release|ARM
		{2E33B2D8-DEB9-4ACD-AB7F-68CE175DDE44}.Release|x64.ActiveCfg = Release|x64
		{2E33B2D8-DEB9-4ACD-AB7F-68CE175DDE44}.Release|x64.Build.0 = Release|x64
		{2E33B2D8-DEB9-4ACD-AB7F-68CE175DDE44}.Release|x64.Deploy.0 = Release|x64
		{2E33B2D8-DEB9-4ACD-AB7F-68CE175DDE44}.Release|x86.ActiveCfg = Release|x86
		{2E33B2D8-DEB9-4ACD-AB7F-68CE175DDE44}.Release|x86.Build.0 = Release|x86
		{2E33B2D8-DEB9-4ACD-AB7F-68CE175DDE44}.Release|x86.Deploy.0 = Release|x86
	EndGlobalSection
	GlobalSection(SolutionProperties) = preSolution
		HideSolutionNode = FALSE
	EndGlobalSection
	GlobalSection(ExtensibilityGlobals) = postSolution
		SolutionGuid = {49338F06-3720-4900-86F6-B95289C9E998}
	EndGlobalSection
EndGlobal
